
Microsoft Visual Studio Solution File, Format Version 12.00
# Visual Studio 15
VisualStudioVersion = 15.0.27703.2026
MinimumVisualStudioVersion = 10.0.40219.1
Project("{2150E333-8FDC-42A3-9474-1A3956D46DE8}") = "src", "src", "{C4E78817-7CF1-4C0F-820C-E00E890B7FFF}"
EndProject
Project("{9A19103F-16F7-4668-BE54-9A1E7A4F7556}") = "ChannelAdam.TestFramework.Text", "src\ChannelAdam.TestFramework.Text\ChannelAdam.TestFramework.Text.csproj", "{B82CE249-BAEB-4385-BFBD-EADBBDFD7111}"
EndProject
Project("{FAE04EC0-301F-11D3-BF4B-00C04F79EFBC}") = "BehaviourSpecs", "src\BehaviourSpecs\BehaviourSpecs.csproj", "{875E5DBD-9D76-4AB5-BB53-77FD2EB61574}"
EndProject
Project("{2150E333-8FDC-42A3-9474-1A3956D46DE8}") = "Solution Items", "Solution Items", "{67ED9216-C3E2-423B-9F49-0FE9FD0E2290}"
	ProjectSection(SolutionItems) = preProject
		.gitignore = .gitignore
		GitVersion.yml = GitVersion.yml
		README.md = README.md
	EndProjectSection
EndProject
Global
	GlobalSection(SolutionConfigurationPlatforms) = preSolution
		Debug|Any CPU = Debug|Any CPU
		Release|Any CPU = Release|Any CPU
	EndGlobalSection
	GlobalSection(ProjectConfigurationPlatforms) = postSolution
		{B82CE249-BAEB-4385-BFBD-EADBBDFD7111}.Debug|Any CPU.ActiveCfg = Debug|Any CPU
		{B82CE249-BAEB-4385-BFBD-EADBBDFD7111}.Debug|Any CPU.Build.0 = Debug|Any CPU
		{B82CE249-BAEB-4385-BFBD-EADBBDFD7111}.Release|Any CPU.ActiveCfg = Release|Any CPU
		{B82CE249-BAEB-4385-BFBD-EADBBDFD7111}.Release|Any CPU.Build.0 = Release|Any CPU
		{875E5DBD-9D76-4AB5-BB53-77FD2EB61574}.Debug|Any CPU.ActiveCfg = Debug|Any CPU
		{875E5DBD-9D76-4AB5-BB53-77FD2EB61574}.Debug|Any CPU.Build.0 = Debug|Any CPU
		{875E5DBD-9D76-4AB5-BB53-77FD2EB61574}.Release|Any CPU.ActiveCfg = Release|Any CPU
		{875E5DBD-9D76-4AB5-BB53-77FD2EB61574}.Release|Any CPU.Build.0 = Release|Any CPU
	EndGlobalSection
	GlobalSection(SolutionProperties) = preSolution
		HideSolutionNode = FALSE
	EndGlobalSection
	GlobalSection(NestedProjects) = preSolution
		{B82CE249-BAEB-4385-BFBD-EADBBDFD7111} = {C4E78817-7CF1-4C0F-820C-E00E890B7FFF}
		{875E5DBD-9D76-4AB5-BB53-77FD2EB61574} = {C4E78817-7CF1-4C0F-820C-E00E890B7FFF}
	EndGlobalSection
	GlobalSection(ExtensibilityGlobals) = postSolution
		SolutionGuid = {5747016F-0870-40D5-B55E-7252E3AF7D30}
	EndGlobalSection
EndGlobal
